{
  "name": "bs-strategy-factory",
  "version": "0.0.1",
  "lockfileVersion": 1,
  "requires": true,
  "dependencies": {
    "bs-geometric-forms": {
      "version": "0.0.1",
      "resolved": "https://registry.npmjs.org/bs-geometric-forms/-/bs-geometric-forms-0.0.1.tgz",
      "integrity": "sha512-sMMmOty5pKX3s3yP0JaxQ5XNWhVt1MYhVxnHd1xN+pNkBQU6JzA2VIjFIo0KMArzZv4HpKx2Zpv5v0Nev7mJ1A==",
      "requires": {
        "d3-shape": "1.2.0",
        "ramda": "0.24.1"
      },
      "dependencies": {
        "ramda": {
          "version": "0.24.1",
          "resolved": "https://registry.npmjs.org/ramda/-/ramda-0.24.1.tgz",
          "integrity": "sha1-w7d1UZfzW43DUCIoJixMkd22uFc="
        }
      }
    },
    "bs-player-positions": {
      "version": "0.0.1",
      "resolved": "https://registry.npmjs.org/bs-player-positions/-/bs-player-positions-0.0.1.tgz",
      "integrity": "sha512-ZdL57uphdNcBztWRrhQYGQZjDQsAJXJ8TahrTiqzQ8F06HuEAuFakDylPkaNYb1eC8CVt1Kqlu6dkDKyo5IN8g==",
      "requires": {
        "bs-geometric-forms": "0.0.1",
        "ramda": "0.24.1"
      },
      "dependencies": {
        "ramda": {
          "version": "0.24.1",
          "resolved": "https://registry.npmjs.org/ramda/-/ramda-0.24.1.tgz",
          "integrity": "sha1-w7d1UZfzW43DUCIoJixMkd22uFc="
        }
      }
    },
    "d3-path": {
      "version": "1.0.5",
      "resolved": "https://registry.npmjs.org/d3-path/-/d3-path-1.0.5.tgz",
      "integrity": "sha1-JB6xhJvZ6egCHA0KeZ+KDo5EF2Q="
    },
    "d3-shape": {
      "version": "1.2.0",
      "resolved": "https://registry.npmjs.org/d3-shape/-/d3-shape-1.2.0.tgz",
      "integrity": "sha1-RdAVOPBkuv0F6j1tLLdI/YxB93c=",
      "requires": {
        "d3-path": "1.0.5"
      }
    }
  }
}
