{
  "name": "bs-strategy-factory",
  "version": "0.0.2",
  "lockfileVersion": 1,
  "requires": true,
  "dependencies": {
    "bs-ball": {
      "version": "0.1.0",
      "resolved": "https://registry.npmjs.org/bs-ball/-/bs-ball-0.1.0.tgz",
      "integrity": "sha512-Oa6MGk9FXCBB+JjAHixtfCxKrTWUN2bfzozhdLaJuWqKwC+hi4iLnUj1vCs9YLJz65P6Ehq1P8S1vu+ytZRLNQ==",
      "requires": {
        "bs-geometric-forms": "0.0.1",
        "ramda": "0.24.1"
      }
    },
    "bs-court-dimensions": {
      "version": "0.0.1",
      "resolved": "https://registry.npmjs.org/bs-court-dimensions/-/bs-court-dimensions-0.0.1.tgz",
      "integrity": "sha512-WPSoqKS8SFbHW9c1NVVvStGVsqvqjV6OvhHtfHU//QErJs3IHMiuKOGQF9aADVDTk0Ybw0hm3u814AxEp4A4vg==",
      "requires": {
        "bs-geometric-forms": "0.0.1",
        "d3-selection": "1.1.0",
        "ramda": "0.24.1"
      }
    },
    "bs-geometric-forms": {
      "version": "0.0.1",
      "resolved": "https://registry.npmjs.org/bs-geometric-forms/-/bs-geometric-forms-0.0.1.tgz",
      "integrity": "sha512-sMMmOty5pKX3s3yP0JaxQ5XNWhVt1MYhVxnHd1xN+pNkBQU6JzA2VIjFIo0KMArzZv4HpKx2Zpv5v0Nev7mJ1A==",
      "requires": {
        "d3-shape": "1.2.0",
        "ramda": "0.24.1"
      },
      "dependencies": {
        "ramda": {
          "version": "0.24.1",
          "resolved": "https://registry.npmjs.org/ramda/-/ramda-0.24.1.tgz",
          "integrity": "sha1-w7d1UZfzW43DUCIoJixMkd22uFc="
        }
      }
    },
    "bs-movement": {
      "version": "0.0.1",
      "resolved": "https://registry.npmjs.org/bs-movement/-/bs-movement-0.0.1.tgz",
      "integrity": "sha512-z/ZvmsSxAeLYEoTw3bwApnTHY9uv9u121OB+LJf0MpuDMwhf4Cl+jQAoqQFbe+n2MtK3JQFwPmf/5BZeTLBWSg==",
      "requires": {
        "d3-selection": "1.1.0",
        "d3-transition": "1.1.0",
        "ramda": "0.24.1"
      }
    },
    "bs-player-positions": {
      "version": "0.0.2",
      "resolved": "https://registry.npmjs.org/bs-player-positions/-/bs-player-positions-0.0.2.tgz",
      "integrity": "sha512-ordLjAgLLaFJuadwv+RuBIvfW8NSEGV0rMH5zhn+faSNdcdVcd6i4yilhlM0828nAIS3R9PEEai4GJYKHwaNuw==",
      "requires": {
        "bs-geometric-forms": "0.0.1",
        "ramda": "0.24.1"
      }
    },
    "d3-color": {
      "version": "1.0.3",
      "resolved": "https://registry.npmjs.org/d3-color/-/d3-color-1.0.3.tgz",
      "integrity": "sha1-vHZD/KjlOoNH4vva/6I2eWtYUJs="
    },
    "d3-dispatch": {
      "version": "1.0.3",
      "resolved": "https://registry.npmjs.org/d3-dispatch/-/d3-dispatch-1.0.3.tgz",
      "integrity": "sha1-RuFJHqqbWMNY/OW+TovtYm54cfg="
    },
    "d3-ease": {
      "version": "1.0.3",
      "resolved": "https://registry.npmjs.org/d3-ease/-/d3-ease-1.0.3.tgz",
      "integrity": "sha1-aL+8NJM4o4DETYrMT7wzBKotjA4="
    },
    "d3-interpolate": {
      "version": "1.1.5",
      "resolved": "https://registry.npmjs.org/d3-interpolate/-/d3-interpolate-1.1.5.tgz",
      "integrity": "sha1-aeCZ/zkhRxblY8muw+qdHqS4p58=",
      "requires": {
        "d3-color": "1.0.3"
      }
    },
    "d3-path": {
      "version": "1.0.5",
      "resolved": "https://registry.npmjs.org/d3-path/-/d3-path-1.0.5.tgz",
      "integrity": "sha1-JB6xhJvZ6egCHA0KeZ+KDo5EF2Q="
    },
    "d3-selection": {
      "version": "1.1.0",
      "resolved": "https://registry.npmjs.org/d3-selection/-/d3-selection-1.1.0.tgz",
      "integrity": "sha1-GZhoSJZIj4OcoDchI9o08dMYgJw="
    },
    "d3-shape": {
      "version": "1.2.0",
      "resolved": "https://registry.npmjs.org/d3-shape/-/d3-shape-1.2.0.tgz",
      "integrity": "sha1-RdAVOPBkuv0F6j1tLLdI/YxB93c=",
      "requires": {
        "d3-path": "1.0.5"
      }
    },
    "d3-timer": {
      "version": "1.0.7",
      "resolved": "https://registry.npmjs.org/d3-timer/-/d3-timer-1.0.7.tgz",
      "integrity": "sha512-vMZXR88XujmG/L5oB96NNKH5lCWwiLM/S2HyyAQLcjWJCloK5shxta4CwOFYLZoY3AWX73v8Lgv4cCAdWtRmOA=="
    },
    "d3-transition": {
      "version": "1.1.0",
      "resolved": "https://registry.npmjs.org/d3-transition/-/d3-transition-1.1.0.tgz",
      "integrity": "sha1-z8hcdOUjkyQpBUZiNXKZBWDDlm8=",
      "requires": {
        "d3-color": "1.0.3",
        "d3-dispatch": "1.0.3",
        "d3-ease": "1.0.3",
        "d3-interpolate": "1.1.5",
        "d3-selection": "1.1.0",
        "d3-timer": "1.0.7"
      }
    },
    "ramda": {
      "version": "0.24.1",
      "resolved": "https://registry.npmjs.org/ramda/-/ramda-0.24.1.tgz",
      "integrity": "sha1-w7d1UZfzW43DUCIoJixMkd22uFc="
    }
  }
}
